// !$*UTF8*$!
{
	archiveVersion = 1;
	classes = {
	};
	objectVersion = 46;
	objects = {

/* Begin PBXBuildFile section */
		686B4EAA1DEAC58E008F2104 /* main.m in Sources */ = {isa = PBXBuildFile; fileRef = 686B4EA91DEAC58E008F2104 /* main.m */; };
		686B4EAD1DEAC58E008F2104 /* AppDelegate.m in Sources */ = {isa = PBXBuildFile; fileRef = 686B4EAC1DEAC58E008F2104 /* AppDelegate.m */; };
		686B4EB61DEAC58E008F2104 /* Main.storyboard in Resources */ = {isa = PBXBuildFile; fileRef = 686B4EB41DEAC58E008F2104 /* Main.storyboard */; };
		686B4EB81DEAC58E008F2104 /* Assets.xcassets in Resources */ = {isa = PBXBuildFile; fileRef = 686B4EB71DEAC58E008F2104 /* Assets.xcassets */; };
		686B4EBB1DEAC58E008F2104 /* LaunchScreen.storyboard in Resources */ = {isa = PBXBuildFile; fileRef = 686B4EB91DEAC58E008F2104 /* LaunchScreen.storyboard */; };
/* End PBXBuildFile section */

/* Begin PBXFileReference section */
		686B4EA51DEAC58E008F2104 /* Weiiibo.app */ = {isa = PBXFileReference; explicitFileType = wrapper.application; includeInIndex = 0; path = Weiiibo.app; sourceTree = BUILT_PRODUCTS_DIR; };
		686B4EA91DEAC58E008F2104 /* main.m */ = {isa = PBXFileReference; lastKnownFileType = sourcecode.c.objc; path = main.m; sourceTree = "<group>"; };
		686B4EAB1DEAC58E008F2104 /* AppDelegate.h */ = {isa = PBXFileReference; lastKnownFileType = sourcecode.c.h; path = AppDelegate.h; sourceTree = "<group>"; };
		686B4EAC1DEAC58E008F2104 /* AppDelegate.m */ = {isa = PBXFileReference; lastKnownFileType = sourcecode.c.objc; path = AppDelegate.m; sourceTree = "<group>"; };
		686B4EB51DEAC58E008F2104 /* Base */ = {isa = PBXFileReference; lastKnownFileType = file.storyboard; name = Base; path = Base.lproj/Main.storyboard; sourceTree = "<group>"; };
		686B4EB71DEAC58E008F2104 /* Assets.xcassets */ = {isa = PBXFileReference; lastKnownFileType = folder.assetcatalog; path = Assets.xcassets; sourceTree = "<group>"; };
		686B4EBA1DEAC58E008F2104 /* Base */ = {isa = PBXFileReference; lastKnownFileType = file.storyboard; name = Base; path = Base.lproj/LaunchScreen.storyboard; sourceTree = "<group>"; };
		686B4EBC1DEAC58E008F2104 /* Info.plist */ = {isa = PBXFileReference; lastKnownFileType = text.plist.xml; path = Info.plist; sourceTree = "<group>"; };
/* End PBXFileReference section */

/* Begin PBXFrameworksBuildPhase section */
		686B4EA21DEAC58E008F2104 /* Frameworks */ = {
			isa = PBXFrameworksBuildPhase;
			buildActionMask = 2147483647;
			files = (
			);
			runOnlyForDeploymentPostprocessing = 0;
		};
/* End PBXFrameworksBuildPhase section */

/* Begin PBXGroup section */
		686B4E9C1DEAC58E008F2104 = {
			isa = PBXGroup;
			children = (
				686B4EA71DEAC58E008F2104 /* Weiiibo */,
				686B4EA61DEAC58E008F2104 /* Products */,
			);
			sourceTree = "<group>";
		};
		686B4EA61DEAC58E008F2104 /* Products */ = {
			isa = PBXGroup;
			children = (
				686B4EA51DEAC58E008F2104 /* Weiiibo.app */,
			);
			name = Products;
			sourceTree = "<group>";
		};
		686B4EA71DEAC58E008F2104 /* Weiiibo */ = {
			isa = PBXGroup;
			children = (
				686B4EC41DEAC643008F2104 /* Models */,
				686B4EC31DEAC61F008F2104 /* Controllers */,
				686B4EC21DEAC5EF008F2104 /* Views */,
				686B4EAB1DEAC58E008F2104 /* AppDelegate.h */,
				686B4EAC1DEAC58E008F2104 /* AppDelegate.m */,
				686B4EB41DEAC58E008F2104 /* Main.storyboard */,
				686B4EB71DEAC58E008F2104 /* Assets.xcassets */,
				686B4EB91DEAC58E008F2104 /* LaunchScreen.storyboard */,
				686B4EBC1DEAC58E008F2104 /* Info.plist */,
				686B4EA81DEAC58E008F2104 /* Supporting Files */,
			);
			path = Weiiibo;
			sourceTree = "<group>";
		};
		686B4EA81DEAC58E008F2104 /* Supporting Files */ = {
			isa = PBXGroup;
			children = (
				686B4EA91DEAC58E008F2104 /* main.m */,
			);
			name = "Supporting Files";
			sourceTree = "<group>";
		};
		686B4EC21DEAC5EF008F2104 /* Views */ = {
			isa = PBXGroup;
			children = (
			);
			path = Views;
			sourceTree = "<group>";
		};
		686B4EC31DEAC61F008F2104 /* Controllers */ = {
			isa = PBXGroup;
			children = (
			);
			path = Controllers;
			sourceTree = "<group>";
		};
		686B4EC41DEAC643008F2104 /* Models */ = {
			isa = PBXGroup;
			children = (
			);
			path = Models;
			sourceTree = "<group>";
		};
/* End PBXGroup section */

/* Begin PBXNativeTarget section */
		686B4EA41DEAC58E008F2104 /* Weiiibo */ = {
			isa = PBXNativeTarget;
			buildConfigurationList = 686B4EBF1DEAC58E008F2104 /* Build configuration list for PBXNativeTarget "Weiiibo" */;
			buildPhases = (
				686B4EA11DEAC58E008F2104 /* Sources */,
				686B4EA21DEAC58E008F2104 /* Frameworks */,
				686B4EA31DEAC58E008F2104 /* Resources */,
			);
			buildRules = (
			);
			dependencies = (
			);
			name = Weiiibo;
			productName = Weiiibo;
			productReference = 686B4EA51DEAC58E008F2104 /* Weiiibo.app */;
			productType = "com.apple.product-type.application";
		};
/* End PBXNativeTarget section */

/* Begin PBXProject section */
		686B4E9D1DEAC58E008F2104 /* Project object */ = {
			isa = PBXProject;
			attributes = {
				LastUpgradeCheck = 0800;
				ORGANIZATIONNAME = jpw;
				TargetAttributes = {
					686B4EA41DEAC58E008F2104 = {
						CreatedOnToolsVersion = 8.0;
						ProvisioningStyle = Automatic;
					};
				};
			};
			buildConfigurationList = 686B4EA01DEAC58E008F2104 /* Build configuration list for PBXProject "Weiiibo" */;
			compatibilityVersion = "Xcode 3.2";
			developmentRegion = English;
			hasScannedForEncodings = 0;
			knownRegions = (
				en,
				Base,
			);
			mainGroup = 686B4E9C1DEAC58E008F2104;
			productRefGroup = 686B4EA61DEAC58E008F2104 /* Products */;
			projectDirPath = "";
			projectRoot = "";
			targets = (
				686B4EA41DEAC58E008F2104 /* Weiiibo */,
			);
		};
/* End PBXProject section */

/* Begin PBXResourcesBuildPhase section */
		686B4EA31DEAC58E008F2104 /* Resources */ = {
			isa = PBXResourcesBuildPhase;
			buildActionMask = 2147483647;
			files = (
				686B4EBB1DEAC58E008F2104 /* LaunchScreen.storyboard in Resources */,
				686B4EB81DEAC58E008F2104 /* Assets.xcassets in Resources */,
				686B4EB61DEAC58E008F2104 /* Main.storyboard in Resources */,
			);
			runOnlyForDeploymentPostprocessing = 0;
		};
/* End PBXResourcesBuildPhase section */

/* Begin PBXSourcesBuildPhase section */
		686B4EA11DEAC58E008F2104 /* Sources */ = {
			isa = PBXSourcesBuildPhase;
			buildActionMask = 2147483647;
			files = (
				686B4EAD1DEAC58E008F2104 /* AppDelegate.m in Sources */,
				686B4EAA1DEAC58E008F2104 /* main.m in Sources */,
			);
			runOnlyForDeploymentPostprocessing = 0;
		};
/* End PBXSourcesBuildPhase section */

/* Begin PBXVariantGroup section */
		686B4EB41DEAC58E008F2104 /* Main.storyboard */ = {
			isa = PBXVariantGroup;
			children = (
				686B4EB51DEAC58E008F2104 /* Base */,
			);
			name = Main.storyboard;
			sourceTree = "<group>";
		};
		686B4EB91DEAC58E008F2104 /* LaunchScreen.storyboard */ = {
			isa = PBXVariantGroup;
			children = (
				686B4EBA1DEAC58E008F2104 /* Base */,
			);
			name = LaunchScreen.storyboard;
			sourceTree = "<group>";
		};
/* End PBXVariantGroup section */

/* Begin XCBuildConfiguration section */
		686B4EBD1DEAC58E008F2104 /* Debug */ = {
			isa = XCBuildConfiguration;
			buildSettings = {
				ALWAYS_SEARCH_USER_PATHS = NO;
				CLANG_ANALYZER_NONNULL = YES;
				CLANG_CXX_LANGUAGE_STANDARD = "gnu++0x";
				CLANG_CXX_LIBRARY = "libc++";
				CLANG_ENABLE_MODULES = YES;
				CLANG_ENABLE_OBJC_ARC = YES;
				CLANG_WARN_BOOL_CONVERSION = YES;
				CLANG_WARN_CONSTANT_CONVERSION = YES;
				CLANG_WARN_DIRECT_OBJC_ISA_USAGE = YES_ERROR;
				CLANG_WARN_DOCUMENTATION_COMMENTS = YES;
				CLANG_WARN_EMPTY_BODY = YES;
				CLANG_WARN_ENUM_CONVERSION = YES;
				CLANG_WARN_INFINITE_RECURSION = YES;
				CLANG_WARN_INT_CONVERSION = YES;
				CLANG_WARN_OBJC_ROOT_CLASS = YES_ERROR;
				CLANG_WARN_SUSPICIOUS_MOVES = YES;
				CLANG_WARN_UNREACHABLE_CODE = YES;
				CLANG_WARN__DUPLICATE_METHOD_MATCH = YES;
				"CODE_SIGN_IDENTITY[sdk=iphoneos*]" = "iPhone Developer";
				COPY_PHASE_STRIP = NO;
				DEBUG_INFORMATION_FORMAT = dwarf;
				ENABLE_STRICT_OBJC_MSGSEND = YES;
				ENABLE_TESTABILITY = YES;
				GCC_C_LANGUAGE_STANDARD = gnu99;
				GCC_DYNAMIC_NO_PIC = NO;
				GCC_NO_COMMON_BLOCKS = YES;
				GCC_OPTIMIZATION_LEVEL = 0;
				GCC_PREPROCESSOR_DEFINITIONS = (
					"DEBUG=1",
					"$(inherited)",
				);
				GCC_WARN_64_TO_32_BIT_CONVERSION = YES;
				GCC_WARN_ABOUT_RETURN_TYPE = YES_ERROR;
				GCC_WARN_UNDECLARED_SELECTOR = YES;
				GCC_WARN_UNINITIALIZED_AUTOS = YES_AGGRESSIVE;
				GCC_WARN_UNUSED_FUNCTION = YES;
				GCC_WARN_UNUSED_VARIABLE = YES;
				IPHONEOS_DEPLOYMENT_TARGET = 10.0;
				MTL_ENABLE_DEBUG_INFO = YES;
				ONLY_ACTIVE_ARCH = YES;
				SDKROOT = iphoneos;
				TARGETED_DEVICE_FAMILY = "1,2";
			};
			name = Debug;
		};
		686B4EBE1DEAC58E008F2104 /* Release */ = {
			isa = XCBuildConfiguration;
			buildSettings = {
				ALWAYS_SEARCH_USER_PATHS = NO;
				CLANG_ANALYZER_NONNULL = YES;
				CLANG_CXX_LANGUAGE_STANDARD = "gnu++0x";
				CLANG_CXX_LIBRARY = "libc++";
				CLANG_ENABLE_MODULES = YES;
				CLANG_ENABLE_OBJC_ARC = YES;
				CLANG_WARN_BOOL_CONVERSION = YES;
				CLANG_WARN_CONSTANT_CONVERSION = YES;
				CLANG_WARN_DIRECT_OBJC_ISA_USAGE = YES_ERROR;
				CLANG_WARN_DOCUMENTATION_COMMENTS = YES;
				CLANG_WARN_EMPTY_BODY = YES;
				CLANG_WARN_ENUM_CONVERSION = YES;
				CLANG_WARN_INFINITE_RECURSION = YES;
				CLANG_WARN_INT_CONVERSION = YES;
				CLANG_WARN_OBJC_ROOT_CLASS = YES_ERROR;
				CLANG_WARN_SUSPICIOUS_MOVES = YES;
				CLANG_WARN_UNREACHABLE_CODE = YES;
				CLANG_WARN__DUPLICATE_METHOD_MATCH = YES;
				"CODE_SIGN_IDENTITY[sdk=iphoneos*]" = "iPhone Developer";
				COPY_PHASE_STRIP = NO;
				DEBUG_INFORMATION_FORMAT = "dwarf-with-dsym";
				ENABLE_NS_ASSERTIONS = NO;
				ENABLE_STRICT_OBJC_MSGSEND = YES;
				GCC_C_LANGUAGE_STANDARD = gnu99;
				GCC_NO_COMMON_BLOCKS = YES;
				GCC_WARN_64_TO_32_BIT_CONVERSION = YES;
				GCC_WARN_ABOUT_RETURN_TYPE = YES_ERROR;
				GCC_WARN_UNDECLARED_SELECTOR = YES;
				GCC_WARN_UNINITIALIZED_AUTOS = YES_AGGRESSIVE;
				GCC_WARN_UNUSED_FUNCTION = YES;
				GCC_WARN_UNUSED_VARIABLE = YES;
				IPHONEOS_DEPLOYMENT_TARGET = 10.0;
				MTL_ENABLE_DEBUG_INFO = NO;
				SDKROOT = iphoneos;
				TARGETED_DEVICE_FAMILY = "1,2";
				VALIDATE_PRODUCT = YES;
			};
			name = Release;
		};
		686B4EC01DEAC58E008F2104 /* Debug */ = {
			isa = XCBuildConfiguration;
			buildSettings = {
				ASSETCATALOG_COMPILER_APPICON_NAME = AppIcon;
				INFOPLIST_FILE = Weiiibo/Info.plist;
				LD_RUNPATH_SEARCH_PATHS = "$(inherited) @executable_path/Frameworks";
				PRODUCT_BUNDLE_IDENTIFIER = me.wjp.Weiiibo;
				PRODUCT_NAME = "$(TARGET_NAME)";
			};
			name = Debug;
		};
		686B4EC11DEAC58E008F2104 /* Release */ = {
			isa = XCBuildConfiguration;
			buildSettings = {
				ASSETCATALOG_COMPILER_APPICON_NAME = AppIcon;
				INFOPLIST_FILE = Weiiibo/Info.plist;
				LD_RUNPATH_SEARCH_PATHS = "$(inherited) @executable_path/Frameworks";
				PRODUCT_BUNDLE_IDENTIFIER = me.wjp.Weiiibo;
				PRODUCT_NAME = "$(TARGET_NAME)";
			};
			name = Release;
		};
/* End XCBuildConfiguration section */

/* Begin XCConfigurationList section */
		686B4EA01DEAC58E008F2104 /* Build configuration list for PBXProject "Weiiibo" */ = {
			isa = XCConfigurationList;
			buildConfigurations = (
				686B4EBD1DEAC58E008F2104 /* Debug */,
				686B4EBE1DEAC58E008F2104 /* Release */,
			);
			defaultConfigurationIsVisible = 0;
			defaultConfigurationName = Release;
		};
		686B4EBF1DEAC58E008F2104 /* Build configuration list for PBXNativeTarget "Weiiibo" */ = {
			isa = XCConfigurationList;
			buildConfigurations = (
				686B4EC01DEAC58E008F2104 /* Debug */,
				686B4EC11DEAC58E008F2104 /* Release */,
			);
			defaultConfigurationIsVisible = 0;
			defaultConfigurationName = Release;
		};
/* End XCConfigurationList section */
	};
	rootObject = 686B4E9D1DEAC58E008F2104 /* Project object */;
}
